
Microsoft Visual Studio Solution File, Format Version 12.00
# Visual Studio Version 17
VisualStudioVersion = 17.4.33213.308
MinimumVisualStudioVersion = 10.0.40219.1
Project("{FAE04EC0-301F-11D3-BF4B-00C04F79EFBC}") = "WebShop", "WebShop\WebShop.csproj", "{D24CD42B-BBB7-4A8B-B750-06D1288296DC}"
EndProject
Global
	GlobalSection(SolutionConfigurationPlatforms) = preSolution
		Debug|Any CPU = Debug|Any CPU
		Release|Any CPU = Release|Any CPU
	EndGlobalSection
	GlobalSection(ProjectConfigurationPlatforms) = postSolution
		{D24CD42B-BBB7-4A8B-B750-06D1288296DC}.Debug|Any CPU.ActiveCfg = Debug|Any CPU
		{D24CD42B-BBB7-4A8B-B750-06D1288296DC}.Debug|Any CPU.Build.0 = Debug|Any CPU
		{D24CD42B-BBB7-4A8B-B750-06D1288296DC}.Release|Any CPU.ActiveCfg = Release|Any CPU
		{D24CD42B-BBB7-4A8B-B750-06D1288296DC}.Release|Any CPU.Build.0 = Release|Any CPU
	EndGlobalSection
	GlobalSection(SolutionProperties) = preSolution
		HideSolutionNode = FALSE
	EndGlobalSection
	GlobalSection(ExtensibilityGlobals) = postSolution
		SolutionGuid = {1C984E34-2FCA-4AF9-A92B-731BC7D05339}
	EndGlobalSection
EndGlobal
